// !$*UTF8*$!
{
	archiveVersion = 1;
	classes = {
	};
	objectVersion = 77;
	objects = {

/* Begin PBXBuildFile section */
		1D320E0D2F256F20007CE2FB /* FirebaseAI in Frameworks */ = {isa = PBXBuildFile; productRef = 1D320E0C2F256F20007CE2FB /* FirebaseAI */; };
		1D320E0F2F256F20007CE2FB /* FirebaseAILogic in Frameworks */ = {isa = PBXBuildFile; productRef = 1D320E0E2F256F20007CE2FB /* FirebaseAILogic */; };
		1D320E112F256F20007CE2FB /* FirebaseAnalytics in Frameworks */ = {isa = PBXBuildFile; productRef = 1D320E102F256F20007CE2FB /* FirebaseAnalytics */; };
		1D320E132F256F20007CE2FB /* FirebaseAnalyticsCore in Frameworks */ = {isa = PBXBuildFile; productRef = 1D320E122F256F20007CE2FB /* FirebaseAnalyticsCore */; };
		1D320E152F256F20007CE2FB /* FirebaseAnalyticsIdentitySupport in Frameworks */ = {isa = PBXBuildFile; productRef = 1D320E142F256F20007CE2FB /* FirebaseAnalyticsIdentitySupport */; };
		1D320E172F256F20007CE2FB /* FirebaseAppCheck in Frameworks */ = {isa = PBXBuildFile; productRef = 1D320E162F256F20007CE2FB /* FirebaseAppCheck */; };
		1D320E192F256F20007CE2FB /* FirebaseAppDistribution-Beta in Frameworks */ = {isa = PBXBuildFile; productRef = 1D320E182F256F20007CE2FB /* FirebaseAppDistribution-Beta */; };
		1D320E1B2F256F20007CE2FB /* FirebaseAuth in Frameworks */ = {isa = PBXBuildFile; productRef = 1D320E1A2F256F20007CE2FB /* FirebaseAuth */; };
		1D320E1D2F256F20007CE2FB /* FirebaseAuthCombine-Community in Frameworks */ = {isa = PBXBuildFile; productRef = 1D320E1C2F256F20007CE2FB /* FirebaseAuthCombine-Community */; };
		1D320E1F2F256F20007CE2FB /* FirebaseCore in Frameworks */ = {isa = PBXBuildFile; productRef = 1D320E1E2F256F20007CE2FB /* FirebaseCore */; };
		1D320E212F256F20007CE2FB /* FirebaseCrashlytics in Frameworks */ = {isa = PBXBuildFile; productRef = 1D320E202F256F20007CE2FB /* FirebaseCrashlytics */; };
		1D320E232F256F20007CE2FB /* FirebaseDatabase in Frameworks */ = {isa = PBXBuildFile; productRef = 1D320E222F256F20007CE2FB /* FirebaseDatabase */; };
		1D320E252F256F20007CE2FB /* FirebaseFirestore in Frameworks */ = {isa = PBXBuildFile; productRef = 1D320E242F256F20007CE2FB /* FirebaseFirestore */; };
		1D320E272F256F20007CE2FB /* FirebaseFirestoreCombine-Community in Frameworks */ = {isa = PBXBuildFile; productRef = 1D320E262F256F20007CE2FB /* FirebaseFirestoreCombine-Community */; };
		1D320E292F256F20007CE2FB /* FirebaseFunctions in Frameworks */ = {isa = PBXBuildFile; productRef = 1D320E282F256F20007CE2FB /* FirebaseFunctions */; };
		1D320E2B2F256F20007CE2FB /* FirebaseFunctionsCombine-Community in Frameworks */ = {isa = PBXBuildFile; productRef = 1D320E2A2F256F20007CE2FB /* FirebaseFunctionsCombine-Community */; };
		1D320E2D2F256F20007CE2FB /* FirebaseInAppMessaging-Beta in Frameworks */ = {isa = PBXBuildFile; productRef = 1D320E2C2F256F20007CE2FB /* FirebaseInAppMessaging-Beta */; };
		1D320E2F2F256F20007CE2FB /* FirebaseInstallations in Frameworks */ = {isa = PBXBuildFile; productRef = 1D320E2E2F256F20007CE2FB /* FirebaseInstallations */; };
		1D320E312F256F20007CE2FB /* FirebaseMLModelDownloader in Frameworks */ = {isa = PBXBuildFile; productRef = 1D320E302F256F20007CE2FB /* FirebaseMLModelDownloader */; };
		1D320E332F256F20007CE2FB /* FirebaseMessaging in Frameworks */ = {isa = PBXBuildFile; productRef = 1D320E322F256F20007CE2FB /* FirebaseMessaging */; };
		1D320E352F256F20007CE2FB /* FirebasePerformance in Frameworks */ = {isa = PBXBuildFile; productRef = 1D320E342F256F20007CE2FB /* FirebasePerformance */; };
		1D320E372F256F20007CE2FB /* FirebaseRemoteConfig in Frameworks */ = {isa = PBXBuildFile; productRef = 1D320E362F256F20007CE2FB /* FirebaseRemoteConfig */; };
		1D320E392F256F20007CE2FB /* FirebaseStorage in Frameworks */ = {isa = PBXBuildFile; productRef = 1D320E382F256F20007CE2FB /* FirebaseStorage */; };
		1D320E3B2F256F20007CE2FB /* FirebaseStorageCombine-Community in Frameworks */ = {isa = PBXBuildFile; productRef = 1D320E3A2F256F20007CE2FB /* FirebaseStorageCombine-Community */; };
		1D320E472F2571F2007CE2FB /* GoogleSignIn in Frameworks */ = {isa = PBXBuildFile; productRef = 1D320E462F2571F2007CE2FB /* GoogleSignIn */; };
		1D320E492F2571F2007CE2FB /* GoogleSignInSwift in Frameworks */ = {isa = PBXBuildFile; productRef = 1D320E482F2571F2007CE2FB /* GoogleSignInSwift */; };
		1D320E4B2F2576A9007CE2FB /* GoogleService-Info.plist in Resources */ = {isa = PBXBuildFile; fileRef = 1D320E4A2F2576A9007CE2FB /* GoogleService-Info.plist */; };
		1D320E832F26BBE5007CE2FB /* iPhoneNumberField in Frameworks */ = {isa = PBXBuildFile; productRef = 1D320E822F26BBE5007CE2FB /* iPhoneNumberField */; };
		1D320EE12F29DE3B007CE2FB /* Stripe in Frameworks */ = {isa = PBXBuildFile; productRef = 1D320EE02F29DE3B007CE2FB /* Stripe */; };
		1D320EE32F29DE3B007CE2FB /* StripeApplePay in Frameworks */ = {isa = PBXBuildFile; productRef = 1D320EE22F29DE3B007CE2FB /* StripeApplePay */; };
		1D320EE52F29DE3B007CE2FB /* StripeCardScan in Frameworks */ = {isa = PBXBuildFile; productRef = 1D320EE42F29DE3B007CE2FB /* StripeCardScan */; };
		1D320EE72F29DE3B007CE2FB /* StripeConnect in Frameworks */ = {isa = PBXBuildFile; productRef = 1D320EE62F29DE3B007CE2FB /* StripeConnect */; };
		1D320EE92F29DE3B007CE2FB /* StripeFinancialConnections in Frameworks */ = {isa = PBXBuildFile; productRef = 1D320EE82F29DE3B007CE2FB /* StripeFinancialConnections */; };
		1D320EEB2F29DE3B007CE2FB /* StripeIdentity in Frameworks */ = {isa = PBXBuildFile; productRef = 1D320EEA2F29DE3B007CE2FB /* StripeIdentity */; };
		1D320EED2F29DE3B007CE2FB /* StripeIssuing in Frameworks */ = {isa = PBXBuildFile; productRef = 1D320EEC2F29DE3B007CE2FB /* StripeIssuing */; };
		1D320EEF2F29DE3B007CE2FB /* StripePaymentSheet in Frameworks */ = {isa = PBXBuildFile; productRef = 1D320EEE2F29DE3B007CE2FB /* StripePaymentSheet */; };
		1D320EF12F29DE3B007CE2FB /* StripePayments in Frameworks */ = {isa = PBXBuildFile; productRef = 1D320EF02F29DE3B007CE2FB /* StripePayments */; };
		1D320EF32F29DE3B007CE2FB /* StripePaymentsUI in Frameworks */ = {isa = PBXBuildFile; productRef = 1D320EF22F29DE3B007CE2FB /* StripePaymentsUI */; };
		1D7EDFAF2F2AA0A80030DE5B /* Launch Screen.storyboard in Resources */ = {isa = PBXBuildFile; fileRef = 1D7EDFAE2F2AA0A80030DE5B /* Launch Screen.storyboard */; };
/* End PBXBuildFile section */

/* Begin PBXContainerItemProxy section */
		1D320DED2F256CD7007CE2FB /* PBXContainerItemProxy */ = {
			isa = PBXContainerItemProxy;
			containerPortal = 1D320DD72F256CD5007CE2FB /* Project object */;
			proxyType = 1;
			remoteGlobalIDString = 1D320DDE2F256CD5007CE2FB;
			remoteInfo = SuperVaca;
		};
		1D320DF72F256CD7007CE2FB /* PBXContainerItemProxy */ = {
			isa = PBXContainerItemProxy;
			containerPortal = 1D320DD72F256CD5007CE2FB /* Project object */;
			proxyType = 1;
			remoteGlobalIDString = 1D320DDE2F256CD5007CE2FB;
			remoteInfo = SuperVaca;
		};
/* End PBXContainerItemProxy section */

/* Begin PBXFileReference section */
		1D320DDF2F256CD5007CE2FB /* SuperVaca.app */ = {isa = PBXFileReference; explicitFileType = wrapper.application; includeInIndex = 0; path = SuperVaca.app; sourceTree = BUILT_PRODUCTS_DIR; };
		1D320DEC2F256CD7007CE2FB /* SuperVacaTests.xctest */ = {isa = PBXFileReference; explicitFileType = wrapper.cfbundle; includeInIndex = 0; path = SuperVacaTests.xctest; sourceTree = BUILT_PRODUCTS_DIR; };
		1D320DF62F256CD7007CE2FB /* SuperVacaUITests.xctest */ = {isa = PBXFileReference; explicitFileType = wrapper.cfbundle; includeInIndex = 0; path = SuperVacaUITests.xctest; sourceTree = BUILT_PRODUCTS_DIR; };
		1D320E4A2F2576A9007CE2FB /* GoogleService-Info.plist */ = {isa = PBXFileReference; lastKnownFileType = text.plist.xml; path = "GoogleService-Info.plist"; sourceTree = "<group>"; };
		1D7EDFAE2F2AA0A80030DE5B /* Launch Screen.storyboard */ = {isa = PBXFileReference; lastKnownFileType = file.storyboard; path = "Launch Screen.storyboard"; sourceTree = "<group>"; };
/* End PBXFileReference section */

/* Begin PBXFileSystemSynchronizedBuildFileExceptionSet section */
		1D320E4D2F2576E1007CE2FB /* Exceptions for "SuperVaca" folder in "SuperVaca" target */ = {
			isa = PBXFileSystemSynchronizedBuildFileExceptionSet;
			membershipExceptions = (
				Info.plist,
			);
			target = 1D320DDE2F256CD5007CE2FB /* SuperVaca */;
		};
/* End PBXFileSystemSynchronizedBuildFileExceptionSet section */

/* Begin PBXFileSystemSynchronizedRootGroup section */
		1D320DE12F256CD5007CE2FB /* SuperVaca */ = {
			isa = PBXFileSystemSynchronizedRootGroup;
			exceptions = (
				1D320E4D2F2576E1007CE2FB /* Exceptions for "SuperVaca" folder in "SuperVaca" target */,
			);
			path = SuperVaca;
			sourceTree = "<group>";
		};
		1D320DEF2F256CD7007CE2FB /* SuperVacaTests */ = {
			isa = PBXFileSystemSynchronizedRootGroup;
			path = SuperVacaTests;
			sourceTree = "<group>";
		};
		1D320DF92F256CD7007CE2FB /* SuperVacaUITests */ = {
			isa = PBXFileSystemSynchronizedRootGroup;
			path = SuperVacaUITests;
			sourceTree = "<group>";
		};
/* End PBXFileSystemSynchronizedRootGroup section */

/* Begin PBXFrameworksBuildPhase section */
		1D320DDC2F256CD5007CE2FB /* Frameworks */ = {
			isa = PBXFrameworksBuildPhase;
			buildActionMask = 2147483647;
			files = (
				1D320E192F256F20007CE2FB /* FirebaseAppDistribution-Beta in Frameworks */,
				1D320E252F256F20007CE2FB /* FirebaseFirestore in Frameworks */,
				1D320E1D2F256F20007CE2FB /* FirebaseAuthCombine-Community in Frameworks */,
				1D320EE72F29DE3B007CE2FB /* StripeConnect in Frameworks */,
				1D320EEF2F29DE3B007CE2FB /* StripePaymentSheet in Frameworks */,
				1D320E2F2F256F20007CE2FB /* FirebaseInstallations in Frameworks */,
				1D320E0F2F256F20007CE2FB /* FirebaseAILogic in Frameworks */,
				1D320E492F2571F2007CE2FB /* GoogleSignInSwift in Frameworks */,
				1D320E152F256F20007CE2FB /* FirebaseAnalyticsIdentitySupport in Frameworks */,
				1D320EED2F29DE3B007CE2FB /* StripeIssuing in Frameworks */,
				1D320E2D2F256F20007CE2FB /* FirebaseInAppMessaging-Beta in Frameworks */,
				1D320E0D2F256F20007CE2FB /* FirebaseAI in Frameworks */,
				1D320E212F256F20007CE2FB /* FirebaseCrashlytics in Frameworks */,
				1D320E2B2F256F20007CE2FB /* FirebaseFunctionsCombine-Community in Frameworks */,
				1D320E832F26BBE5007CE2FB /* iPhoneNumberField in Frameworks */,
				1D320EF32F29DE3B007CE2FB /* StripePaymentsUI in Frameworks */,
				1D320E3B2F256F20007CE2FB /* FirebaseStorageCombine-Community in Frameworks */,
				1D320E232F256F20007CE2FB /* FirebaseDatabase in Frameworks */,
				1D320E392F256F20007CE2FB /* FirebaseStorage in Frameworks */,
				1D320EF12F29DE3B007CE2FB /* StripePayments in Frameworks */,
				1D320E372F256F20007CE2FB /* FirebaseRemoteConfig in Frameworks */,
				1D320E112F256F20007CE2FB /* FirebaseAnalytics in Frameworks */,
				1D320E472F2571F2007CE2FB /* GoogleSignIn in Frameworks */,
				1D320EE52F29DE3B007CE2FB /* StripeCardScan in Frameworks */,
				1D320E332F256F20007CE2FB /* FirebaseMessaging in Frameworks */,
				1D320E312F256F20007CE2FB /* FirebaseMLModelDownloader in Frameworks */,
				1D320E352F256F20007CE2FB /* FirebasePerformance in Frameworks */,
				1D320EE12F29DE3B007CE2FB /* Stripe in Frameworks */,
				1D320E1F2F256F20007CE2FB /* FirebaseCore in Frameworks */,
				1D320EE92F29DE3B007CE2FB /* StripeFinancialConnections in Frameworks */,
				1D320EE32F29DE3B007CE2FB /* StripeApplePay in Frameworks */,
				1D320EEB2F29DE3B007CE2FB /* StripeIdentity in Frameworks */,
				1D320E172F256F20007CE2FB /* FirebaseAppCheck in Frameworks */,
				1D320E132F256F20007CE2FB /* FirebaseAnalyticsCore in Frameworks */,
				1D320E292F256F20007CE2FB /* FirebaseFunctions in Frameworks */,
				1D320E1B2F256F20007CE2FB /* FirebaseAuth in Frameworks */,
				1D320E272F256F20007CE2FB /* FirebaseFirestoreCombine-Community in Frameworks */,
			);
			runOnlyForDeploymentPostprocessing = 0;
		};
		1D320DE92F256CD7007CE2FB /* Frameworks */ = {
			isa = PBXFrameworksBuildPhase;
			buildActionMask = 2147483647;
			files = (
			);
			runOnlyForDeploymentPostprocessing = 0;
		};
		1D320DF32F256CD7007CE2FB /* Frameworks */ = {
			isa = PBXFrameworksBuildPhase;
			buildActionMask = 2147483647;
			files = (
			);
			runOnlyForDeploymentPostprocessing = 0;
		};
/* End PBXFrameworksBuildPhase section */

/* Begin PBXGroup section */
		1D320DD62F256CD5007CE2FB = {
			isa = PBXGroup;
			children = (
				1D7EDFAE2F2AA0A80030DE5B /* Launch Screen.storyboard */,
				1D320DEF2F256CD7007CE2FB /* SuperVacaTests */,
				1D320DF92F256CD7007CE2FB /* SuperVacaUITests */,
				1D320DE02F256CD5007CE2FB /* Products */,
				1D320DE12F256CD5007CE2FB /* SuperVaca */,
				1D320E4A2F2576A9007CE2FB /* GoogleService-Info.plist */,
			);
			sourceTree = "<group>";
		};
		1D320DE02F256CD5007CE2FB /* Products */ = {
			isa = PBXGroup;
			children = (
				1D320DDF2F256CD5007CE2FB /* SuperVaca.app */,
				1D320DEC2F256CD7007CE2FB /* SuperVacaTests.xctest */,
				1D320DF62F256CD7007CE2FB /* SuperVacaUITests.xctest */,
			);
			name = Products;
			sourceTree = "<group>";
		};
/* End PBXGroup section */

/* Begin PBXNativeTarget section */
		1D320DDE2F256CD5007CE2FB /* SuperVaca */ = {
			isa = PBXNativeTarget;
			buildConfigurationList = 1D320E002F256CD7007CE2FB /* Build configuration list for PBXNativeTarget "SuperVaca" */;
			buildPhases = (
				1D320DDB2F256CD5007CE2FB /* Sources */,
				1D320DDC2F256CD5007CE2FB /* Frameworks */,
				1D320DDD2F256CD5007CE2FB /* Resources */,
			);
			buildRules = (
			);
			dependencies = (
			);
			fileSystemSynchronizedGroups = (
				1D320DE12F256CD5007CE2FB /* SuperVaca */,
			);
			name = SuperVaca;
			packageProductDependencies = (
				1D320E0C2F256F20007CE2FB /* FirebaseAI */,
				1D320E0E2F256F20007CE2FB /* FirebaseAILogic */,
				1D320E102F256F20007CE2FB /* FirebaseAnalytics */,
				1D320E122F256F20007CE2FB /* FirebaseAnalyticsCore */,
				1D320E142F256F20007CE2FB /* FirebaseAnalyticsIdentitySupport */,
				1D320E162F256F20007CE2FB /* FirebaseAppCheck */,
				1D320E182F256F20007CE2FB /* FirebaseAppDistribution-Beta */,
				1D320E1A2F256F20007CE2FB /* FirebaseAuth */,
				1D320E1C2F256F20007CE2FB /* FirebaseAuthCombine-Community */,
				1D320E1E2F256F20007CE2FB /* FirebaseCore */,
				1D320E202F256F20007CE2FB /* FirebaseCrashlytics */,
				1D320E222F256F20007CE2FB /* FirebaseDatabase */,
				1D320E242F256F20007CE2FB /* FirebaseFirestore */,
				1D320E262F256F20007CE2FB /* FirebaseFirestoreCombine-Community */,
				1D320E282F256F20007CE2FB /* FirebaseFunctions */,
				1D320E2A2F256F20007CE2FB /* FirebaseFunctionsCombine-Community */,
				1D320E2C2F256F20007CE2FB /* FirebaseInAppMessaging-Beta */,
				1D320E2E2F256F20007CE2FB /* FirebaseInstallations */,
				1D320E302F256F20007CE2FB /* FirebaseMLModelDownloader */,
				1D320E322F256F20007CE2FB /* FirebaseMessaging */,
				1D320E342F256F20007CE2FB /* FirebasePerformance */,
				1D320E362F256F20007CE2FB /* FirebaseRemoteConfig */,
				1D320E382F256F20007CE2FB /* FirebaseStorage */,
				1D320E3A2F256F20007CE2FB /* FirebaseStorageCombine-Community */,
				1D320E462F2571F2007CE2FB /* GoogleSignIn */,
				1D320E482F2571F2007CE2FB /* GoogleSignInSwift */,
				1D320E822F26BBE5007CE2FB /* iPhoneNumberField */,
				1D320EE02F29DE3B007CE2FB /* Stripe */,
				1D320EE22F29DE3B007CE2FB /* StripeApplePay */,
				1D320EE42F29DE3B007CE2FB /* StripeCardScan */,
				1D320EE62F29DE3B007CE2FB /* StripeConnect */,
				1D320EE82F29DE3B007CE2FB /* StripeFinancialConnections */,
				1D320EEA2F29DE3B007CE2FB /* StripeIdentity */,
				1D320EEC2F29DE3B007CE2FB /* StripeIssuing */,
				1D320EEE2F29DE3B007CE2FB /* StripePaymentSheet */,
				1D320EF02F29DE3B007CE2FB /* StripePayments */,
				1D320EF22F29DE3B007CE2FB /* StripePaymentsUI */,
			);
			productName = SuperVaca;
			productReference = 1D320DDF2F256CD5007CE2FB /* SuperVaca.app */;
			productType = "com.apple.product-type.application";
		};
		1D320DEB2F256CD7007CE2FB /* SuperVacaTests */ = {
			isa = PBXNativeTarget;
			buildConfigurationList = 1D320E032F256CD7007CE2FB /* Build configuration list for PBXNativeTarget "SuperVacaTests" */;
			buildPhases = (
				1D320DE82F256CD7007CE2FB /* Sources */,
				1D320DE92F256CD7007CE2FB /* Frameworks */,
				1D320DEA2F256CD7007CE2FB /* Resources */,
			);
			buildRules = (
			);
			dependencies = (
				1D320DEE2F256CD7007CE2FB /* PBXTargetDependency */,
			);
			fileSystemSynchronizedGroups = (
				1D320DEF2F256CD7007CE2FB /* SuperVacaTests */,
			);
			name = SuperVacaTests;
			packageProductDependencies = (
			);
			productName = SuperVacaTests;
			productReference = 1D320DEC2F256CD7007CE2FB /* SuperVacaTests.xctest */;
			productType = "com.apple.product-type.bundle.unit-test";
		};
		1D320DF52F256CD7007CE2FB /* SuperVacaUITests */ = {
			isa = PBXNativeTarget;
			buildConfigurationList = 1D320E062F256CD7007CE2FB /* Build configuration list for PBXNativeTarget "SuperVacaUITests" */;
			buildPhases = (
				1D320DF22F256CD7007CE2FB /* Sources */,
				1D320DF32F256CD7007CE2FB /* Frameworks */,
				1D320DF42F256CD7007CE2FB /* Resources */,
			);
			buildRules = (
			);
			dependencies = (
				1D320DF82F256CD7007CE2FB /* PBXTargetDependency */,
			);
			fileSystemSynchronizedGroups = (
				1D320DF92F256CD7007CE2FB /* SuperVacaUITests */,
			);
			name = SuperVacaUITests;
			packageProductDependencies = (
			);
			productName = SuperVacaUITests;
			productReference = 1D320DF62F256CD7007CE2FB /* SuperVacaUITests.xctest */;
			productType = "com.apple.product-type.bundle.ui-testing";
		};
/* End PBXNativeTarget section */

/* Begin PBXProject section */
		1D320DD72F256CD5007CE2FB /* Project object */ = {
			isa = PBXProject;
			attributes = {
				BuildIndependentTargetsInParallel = 1;
				LastSwiftUpdateCheck = 2620;
				LastUpgradeCheck = 2620;
				TargetAttributes = {
					1D320DDE2F256CD5007CE2FB = {
						CreatedOnToolsVersion = 26.2;
					};
					1D320DEB2F256CD7007CE2FB = {
						CreatedOnToolsVersion = 26.2;
						TestTargetID = 1D320DDE2F256CD5007CE2FB;
					};
					1D320DF52F256CD7007CE2FB = {
						CreatedOnToolsVersion = 26.2;
						TestTargetID = 1D320DDE2F256CD5007CE2FB;
					};
				};
			};
			buildConfigurationList = 1D320DDA2F256CD5007CE2FB /* Build configuration list for PBXProject "SuperVaca" */;
			developmentRegion = en;
			hasScannedForEncodings = 0;
			knownRegions = (
				en,
				Base,
			);
			mainGroup = 1D320DD62F256CD5007CE2FB;
			minimizedProjectReferenceProxies = 1;
			packageReferences = (
				1D320E0B2F256F20007CE2FB /* XCRemoteSwiftPackageReference "firebase-ios-sdk" */,
				1D320E452F2571F2007CE2FB /* XCRemoteSwiftPackageReference "GoogleSignIn-iOS" */,
				1D320E812F26BBE5007CE2FB /* XCRemoteSwiftPackageReference "iPhoneNumberField" */,
				1D320EDF2F29DE3B007CE2FB /* XCRemoteSwiftPackageReference "stripe-ios" */,
			);
			preferredProjectObjectVersion = 77;
			productRefGroup = 1D320DE02F256CD5007CE2FB /* Products */;
			projectDirPath = "";
			projectRoot = "";
			targets = (
				1D320DDE2F256CD5007CE2FB /* SuperVaca */,
				1D320DEB2F256CD7007CE2FB /* SuperVacaTests */,
				1D320DF52F256CD7007CE2FB /* SuperVacaUITests */,
			);
		};
/* End PBXProject section */

/* Begin PBXResourcesBuildPhase section */
		1D320DDD2F256CD5007CE2FB /* Resources */ = {
			isa = PBXResourcesBuildPhase;
			buildActionMask = 2147483647;
			files = (
				1D7EDFAF2F2AA0A80030DE5B /* Launch Screen.storyboard in Resources */,
				1D320E4B2F2576A9007CE2FB /* GoogleService-Info.plist in Resources */,
			);
			runOnlyForDeploymentPostprocessing = 0;
		};
		1D320DEA2F256CD7007CE2FB /* Resources */ = {
			isa = PBXResourcesBuildPhase;
			buildActionMask = 2147483647;
			files = (
			);
			runOnlyForDeploymentPostprocessing = 0;
		};
		1D320DF42F256CD7007CE2FB /* Resources */ = {
			isa = PBXResourcesBuildPhase;
			buildActionMask = 2147483647;
			files = (
			);
			runOnlyForDeploymentPostprocessing = 0;
		};
/* End PBXResourcesBuildPhase section */

/* Begin PBXSourcesBuildPhase section */
		1D320DDB2F256CD5007CE2FB /* Sources */ = {
			isa = PBXSourcesBuildPhase;
			buildActionMask = 2147483647;
			files = (
			);
			runOnlyForDeploymentPostprocessing = 0;
		};
		1D320DE82F256CD7007CE2FB /* Sources */ = {
			isa = PBXSourcesBuildPhase;
			buildActionMask = 2147483647;
			files = (
			);
			runOnlyForDeploymentPostprocessing = 0;
		};
		1D320DF22F256CD7007CE2FB /* Sources */ = {
			isa = PBXSourcesBuildPhase;
			buildActionMask = 2147483647;
			files = (
			);
			runOnlyForDeploymentPostprocessing = 0;
		};
/* End PBXSourcesBuildPhase section */

/* Begin PBXTargetDependency section */
		1D320DEE2F256CD7007CE2FB /* PBXTargetDependency */ = {
			isa = PBXTargetDependency;
			target = 1D320DDE2F256CD5007CE2FB /* SuperVaca */;
			targetProxy = 1D320DED2F256CD7007CE2FB /* PBXContainerItemProxy */;
		};
		1D320DF82F256CD7007CE2FB /* PBXTargetDependency */ = {
			isa = PBXTargetDependency;
			target = 1D320DDE2F256CD5007CE2FB /* SuperVaca */;
			targetProxy = 1D320DF72F256CD7007CE2FB /* PBXContainerItemProxy */;
		};
/* End PBXTargetDependency section */

/* Begin XCBuildConfiguration section */
		1D320DFE2F256CD7007CE2FB /* Debug */ = {
			isa = XCBuildConfiguration;
			buildSettings = {
				ALWAYS_SEARCH_USER_PATHS = NO;
				ASSETCATALOG_COMPILER_GENERATE_SWIFT_ASSET_SYMBOL_EXTENSIONS = YES;
				CLANG_ANALYZER_NONNULL = YES;
				CLANG_ANALYZER_NUMBER_OBJECT_CONVERSION = YES_AGGRESSIVE;
				CLANG_CXX_LANGUAGE_STANDARD = "gnu++20";
				CLANG_ENABLE_MODULES = YES;
				CLANG_ENABLE_OBJC_ARC = YES;
				CLANG_ENABLE_OBJC_WEAK = YES;
				CLANG_WARN_BLOCK_CAPTURE_AUTORELEASING = YES;
				CLANG_WARN_BOOL_CONVERSION = YES;
				CLANG_WARN_COMMA = YES;
				CLANG_WARN_CONSTANT_CONVERSION = YES;
				CLANG_WARN_DEPRECATED_OBJC_IMPLEMENTATIONS = YES;
				CLANG_WARN_DIRECT_OBJC_ISA_USAGE = YES_ERROR;
				CLANG_WARN_DOCUMENTATION_COMMENTS = YES;
				CLANG_WARN_EMPTY_BODY = YES;
				CLANG_WARN_ENUM_CONVERSION = YES;
				CLANG_WARN_INFINITE_RECURSION = YES;
				CLANG_WARN_INT_CONVERSION = YES;
				CLANG_WARN_NON_LITERAL_NULL_CONVERSION = YES;
				CLANG_WARN_OBJC_IMPLICIT_RETAIN_SELF = YES;
				CLANG_WARN_OBJC_LITERAL_CONVERSION = YES;
				CLANG_WARN_OBJC_ROOT_CLASS = YES_ERROR;
				CLANG_WARN_QUOTED_INCLUDE_IN_FRAMEWORK_HEADER = YES;
				CLANG_WARN_RANGE_LOOP_ANALYSIS = YES;
				CLANG_WARN_STRICT_PROTOTYPES = YES;
				CLANG_WARN_SUSPICIOUS_MOVE = YES;
				CLANG_WARN_UNGUARDED_AVAILABILITY = YES_AGGRESSIVE;
				CLANG_WARN_UNREACHABLE_CODE = YES;
				CLANG_WARN__DUPLICATE_METHOD_MATCH = YES;
				COPY_PHASE_STRIP = NO;
				DEBUG_INFORMATION_FORMAT = dwarf;
				DEVELOPMENT_TEAM = ZGWV4LW65D;
				ENABLE_STRICT_OBJC_MSGSEND = YES;
				ENABLE_TESTABILITY = YES;
				ENABLE_USER_SCRIPT_SANDBOXING = YES;
				GCC_C_LANGUAGE_STANDARD = gnu17;
				GCC_DYNAMIC_NO_PIC = NO;
				GCC_NO_COMMON_BLOCKS = YES;
				GCC_OPTIMIZATION_LEVEL = 0;
				GCC_PREPROCESSOR_DEFINITIONS = (
					"DEBUG=1",
					"$(inherited)",
				);
				GCC_WARN_64_TO_32_BIT_CONVERSION = YES;
				GCC_WARN_ABOUT_RETURN_TYPE = YES_ERROR;
				GCC_WARN_UNDECLARED_SELECTOR = YES;
				GCC_WARN_UNINITIALIZED_AUTOS = YES_AGGRESSIVE;
				GCC_WARN_UNUSED_FUNCTION = YES;
				GCC_WARN_UNUSED_VARIABLE = YES;
				IPHONEOS_DEPLOYMENT_TARGET = 26.2;
				LOCALIZATION_PREFERS_STRING_CATALOGS = YES;
				MTL_ENABLE_DEBUG_INFO = INCLUDE_SOURCE;
				MTL_FAST_MATH = YES;
				ONLY_ACTIVE_ARCH = YES;
				SDKROOT = iphoneos;
				SWIFT_ACTIVE_COMPILATION_CONDITIONS = "DEBUG $(inherited)";
				SWIFT_OPTIMIZATION_LEVEL = "-Onone";
			};
			name = Debug;
		};
		1D320DFF2F256CD7007CE2FB /* Release */ = {
			isa = XCBuildConfiguration;
			buildSettings = {
				ALWAYS_SEARCH_USER_PATHS = NO;
				ASSETCATALOG_COMPILER_GENERATE_SWIFT_ASSET_SYMBOL_EXTENSIONS = YES;
				CLANG_ANALYZER_NONNULL = YES;
				CLANG_ANALYZER_NUMBER_OBJECT_CONVERSION = YES_AGGRESSIVE;
				CLANG_CXX_LANGUAGE_STANDARD = "gnu++20";
				CLANG_ENABLE_MODULES = YES;
				CLANG_ENABLE_OBJC_ARC = YES;
				CLANG_ENABLE_OBJC_WEAK = YES;
				CLANG_WARN_BLOCK_CAPTURE_AUTORELEASING = YES;
				CLANG_WARN_BOOL_CONVERSION = YES;
				CLANG_WARN_COMMA = YES;
				CLANG_WARN_CONSTANT_CONVERSION = YES;
				CLANG_WARN_DEPRECATED_OBJC_IMPLEMENTATIONS = YES;
				CLANG_WARN_DIRECT_OBJC_ISA_USAGE = YES_ERROR;
				CLANG_WARN_DOCUMENTATION_COMMENTS = YES;
				CLANG_WARN_EMPTY_BODY = YES;
				CLANG_WARN_ENUM_CONVERSION = YES;
				CLANG_WARN_INFINITE_RECURSION = YES;
				CLANG_WARN_INT_CONVERSION = YES;
				CLANG_WARN_NON_LITERAL_NULL_CONVERSION = YES;
				CLANG_WARN_OBJC_IMPLICIT_RETAIN_SELF = YES;
				CLANG_WARN_OBJC_LITERAL_CONVERSION = YES;
				CLANG_WARN_OBJC_ROOT_CLASS = YES_ERROR;
				CLANG_WARN_QUOTED_INCLUDE_IN_FRAMEWORK_HEADER = YES;
				CLANG_WARN_RANGE_LOOP_ANALYSIS = YES;
				CLANG_WARN_STRICT_PROTOTYPES = YES;
				CLANG_WARN_SUSPICIOUS_MOVE = YES;
				CLANG_WARN_UNGUARDED_AVAILABILITY = YES_AGGRESSIVE;
				CLANG_WARN_UNREACHABLE_CODE = YES;
				CLANG_WARN__DUPLICATE_METHOD_MATCH = YES;
				COPY_PHASE_STRIP = NO;
				DEBUG_INFORMATION_FORMAT = "dwarf-with-dsym";
				DEVELOPMENT_TEAM = ZGWV4LW65D;
				ENABLE_NS_ASSERTIONS = NO;
				ENABLE_STRICT_OBJC_MSGSEND = YES;
				ENABLE_USER_SCRIPT_SANDBOXING = YES;
				GCC_C_LANGUAGE_STANDARD = gnu17;
				GCC_NO_COMMON_BLOCKS = YES;
				GCC_WARN_64_TO_32_BIT_CONVERSION = YES;
				GCC_WARN_ABOUT_RETURN_TYPE = YES_ERROR;
				GCC_WARN_UNDECLARED_SELECTOR = YES;
				GCC_WARN_UNINITIALIZED_AUTOS = YES_AGGRESSIVE;
				GCC_WARN_UNUSED_FUNCTION = YES;
				GCC_WARN_UNUSED_VARIABLE = YES;
				IPHONEOS_DEPLOYMENT_TARGET = 26.2;
				LOCALIZATION_PREFERS_STRING_CATALOGS = YES;
				MTL_ENABLE_DEBUG_INFO = NO;
				MTL_FAST_MATH = YES;
				SDKROOT = iphoneos;
				SWIFT_COMPILATION_MODE = wholemodule;
				VALIDATE_PRODUCT = YES;
			};
			name = Release;
		};
		1D320E012F256CD7007CE2FB /* Debug */ = {
			isa = XCBuildConfiguration;
			buildSettings = {
				ASSETCATALOG_COMPILER_APPICON_NAME = AppIcon;
				ASSETCATALOG_COMPILER_GLOBAL_ACCENT_COLOR_NAME = AccentColor;
				CODE_SIGN_STYLE = Automatic;
				CURRENT_PROJECT_VERSION = 1;
				DEVELOPMENT_TEAM = ZGWV4LW65D;
				ENABLE_PREVIEWS = YES;
				GENERATE_INFOPLIST_FILE = YES;
				INFOPLIST_FILE = SuperVaca/Info.plist;
				INFOPLIST_KEY_LSApplicationCategoryType = "";
				INFOPLIST_KEY_UIApplicationSceneManifest_Generation = YES;
				INFOPLIST_KEY_UIApplicationSupportsIndirectInputEvents = YES;
				INFOPLIST_KEY_UILaunchScreen_Generation = YES;
				INFOPLIST_KEY_UILaunchStoryboardName = "Launch Screen.storyboard";
				INFOPLIST_KEY_UISupportedInterfaceOrientations_iPad = "UIInterfaceOrientationPortrait UIInterfaceOrientationPortraitUpsideDown UIInterfaceOrientationLandscapeLeft UIInterfaceOrientationLandscapeRight";
				INFOPLIST_KEY_UISupportedInterfaceOrientations_iPhone = "UIInterfaceOrientationPortrait UIInterfaceOrientationLandscapeLeft UIInterfaceOrientationLandscapeRight";
				INFOPLIST_KEY_UIUserInterfaceStyle = Light;
				IPHONEOS_DEPLOYMENT_TARGET = 26.0;
				LD_RUNPATH_SEARCH_PATHS = (
					"$(inherited)",
					"@executable_path/Frameworks",
				);
				MARKETING_VERSION = 1.0;
				PRODUCT_BUNDLE_IDENTIFIER = vaca.SuperVaca;
				PRODUCT_NAME = "$(TARGET_NAME)";
				STRING_CATALOG_GENERATE_SYMBOLS = YES;
				SWIFT_APPROACHABLE_CONCURRENCY = YES;
				SWIFT_DEFAULT_ACTOR_ISOLATION = MainActor;
				SWIFT_EMIT_LOC_STRINGS = YES;
				SWIFT_UPCOMING_FEATURE_MEMBER_IMPORT_VISIBILITY = YES;
				SWIFT_VERSION = 5.0;
				TARGETED_DEVICE_FAMILY = "1,2";
			};
			name = Debug;
		};
		1D320E022F256CD7007CE2FB /* Release */ = {
			isa = XCBuildConfiguration;
			buildSettings = {
				ASSETCATALOG_COMPILER_APPICON_NAME = AppIcon;
				ASSETCATALOG_COMPILER_GLOBAL_ACCENT_COLOR_NAME = AccentColor;
				CODE_SIGN_STYLE = Automatic;
				CURRENT_PROJECT_VERSION = 1;
				DEVELOPMENT_TEAM = ZGWV4LW65D;
				ENABLE_PREVIEWS = YES;
				GENERATE_INFOPLIST_FILE = YES;
				INFOPLIST_FILE = SuperVaca/Info.plist;
				INFOPLIST_KEY_LSApplicationCategoryType = "";
				INFOPLIST_KEY_UIApplicationSceneManifest_Generation = YES;
				INFOPLIST_KEY_UIApplicationSupportsIndirectInputEvents = YES;
				INFOPLIST_KEY_UILaunchScreen_Generation = YES;
				INFOPLIST_KEY_UILaunchStoryboardName = "Launch Screen.storyboard";
				INFOPLIST_KEY_UISupportedInterfaceOrientations_iPad = "UIInterfaceOrientationPortrait UIInterfaceOrientationPortraitUpsideDown UIInterfaceOrientationLandscapeLeft UIInterfaceOrientationLandscapeRight";
				INFOPLIST_KEY_UISupportedInterfaceOrientations_iPhone = "UIInterfaceOrientationPortrait UIInterfaceOrientationLandscapeLeft UIInterfaceOrientationLandscapeRight";
				INFOPLIST_KEY_UIUserInterfaceStyle = Light;
				IPHONEOS_DEPLOYMENT_TARGET = 26.0;
				LD_RUNPATH_SEARCH_PATHS = (
					"$(inherited)",
					"@executable_path/Frameworks",
				);
				MARKETING_VERSION = 1.0;
				PRODUCT_BUNDLE_IDENTIFIER = vaca.SuperVaca;
				PRODUCT_NAME = "$(TARGET_NAME)";
				STRING_CATALOG_GENERATE_SYMBOLS = YES;
				SWIFT_APPROACHABLE_CONCURRENCY = YES;
				SWIFT_DEFAULT_ACTOR_ISOLATION = MainActor;
				SWIFT_EMIT_LOC_STRINGS = YES;
				SWIFT_UPCOMING_FEATURE_MEMBER_IMPORT_VISIBILITY = YES;
				SWIFT_VERSION = 5.0;
				TARGETED_DEVICE_FAMILY = "1,2";
			};
			name = Release;
		};
		1D320E042F256CD7007CE2FB /* Debug */ = {
			isa = XCBuildConfiguration;
			buildSettings = {
				BUNDLE_LOADER = "$(TEST_HOST)";
				CODE_SIGN_STYLE = Automatic;
				CURRENT_PROJECT_VERSION = 1;
				DEVELOPMENT_TEAM = ZGWV4LW65D;
				GENERATE_INFOPLIST_FILE = YES;
				IPHONEOS_DEPLOYMENT_TARGET = 26.2;
				MARKETING_VERSION = 1.0;
				PRODUCT_BUNDLE_IDENTIFIER = vaca.SuperVacaTests;
				PRODUCT_NAME = "$(TARGET_NAME)";
				STRING_CATALOG_GENERATE_SYMBOLS = NO;
				SWIFT_APPROACHABLE_CONCURRENCY = YES;
				SWIFT_EMIT_LOC_STRINGS = NO;
				SWIFT_UPCOMING_FEATURE_MEMBER_IMPORT_VISIBILITY = YES;
				SWIFT_VERSION = 5.0;
				TARGETED_DEVICE_FAMILY = "1,2";
				TEST_HOST = "$(BUILT_PRODUCTS_DIR)/SuperVaca.app/$(BUNDLE_EXECUTABLE_FOLDER_PATH)/SuperVaca";
			};
			name = Debug;
		};
		1D320E052F256CD7007CE2FB /* Release */ = {
			isa = XCBuildConfiguration;
			buildSettings = {
				BUNDLE_LOADER = "$(TEST_HOST)";
				CODE_SIGN_STYLE = Automatic;
				CURRENT_PROJECT_VERSION = 1;
				DEVELOPMENT_TEAM = ZGWV4LW65D;
				GENERATE_INFOPLIST_FILE = YES;
				IPHONEOS_DEPLOYMENT_TARGET = 26.2;
				MARKETING_VERSION = 1.0;
				PRODUCT_BUNDLE_IDENTIFIER = vaca.SuperVacaTests;
				PRODUCT_NAME = "$(TARGET_NAME)";
				STRING_CATALOG_GENERATE_SYMBOLS = NO;
				SWIFT_APPROACHABLE_CONCURRENCY = YES;
				SWIFT_EMIT_LOC_STRINGS = NO;
				SWIFT_UPCOMING_FEATURE_MEMBER_IMPORT_VISIBILITY = YES;
				SWIFT_VERSION = 5.0;
				TARGETED_DEVICE_FAMILY = "1,2";
				TEST_HOST = "$(BUILT_PRODUCTS_DIR)/SuperVaca.app/$(BUNDLE_EXECUTABLE_FOLDER_PATH)/SuperVaca";
			};
			name = Release;
		};
		1D320E072F256CD7007CE2FB /* Debug */ = {
			isa = XCBuildConfiguration;
			buildSettings = {
				CODE_SIGN_STYLE = Automatic;
				CURRENT_PROJECT_VERSION = 1;
				DEVELOPMENT_TEAM = ZGWV4LW65D;
				GENERATE_INFOPLIST_FILE = YES;
				MARKETING_VERSION = 1.0;
				PRODUCT_BUNDLE_IDENTIFIER = vaca.SuperVacaUITests;
				PRODUCT_NAME = "$(TARGET_NAME)";
				STRING_CATALOG_GENERATE_SYMBOLS = NO;
				SWIFT_APPROACHABLE_CONCURRENCY = YES;
				SWIFT_EMIT_LOC_STRINGS = NO;
				SWIFT_UPCOMING_FEATURE_MEMBER_IMPORT_VISIBILITY = YES;
				SWIFT_VERSION = 5.0;
				TARGETED_DEVICE_FAMILY = "1,2";
				TEST_TARGET_NAME = SuperVaca;
			};
			name = Debug;
		};
		1D320E082F256CD7007CE2FB /* Release */ = {
			isa = XCBuildConfiguration;
			buildSettings = {
				CODE_SIGN_STYLE = Automatic;
				CURRENT_PROJECT_VERSION = 1;
				DEVELOPMENT_TEAM = ZGWV4LW65D;
				GENERATE_INFOPLIST_FILE = YES;
				MARKETING_VERSION = 1.0;
				PRODUCT_BUNDLE_IDENTIFIER = vaca.SuperVacaUITests;
				PRODUCT_NAME = "$(TARGET_NAME)";
				STRING_CATALOG_GENERATE_SYMBOLS = NO;
				SWIFT_APPROACHABLE_CONCURRENCY = YES;
				SWIFT_EMIT_LOC_STRINGS = NO;
				SWIFT_UPCOMING_FEATURE_MEMBER_IMPORT_VISIBILITY = YES;
				SWIFT_VERSION = 5.0;
				TARGETED_DEVICE_FAMILY = "1,2";
				TEST_TARGET_NAME = SuperVaca;
			};
			name = Release;
		};
/* End XCBuildConfiguration section */

/* Begin XCConfigurationList section */
		1D320DDA2F256CD5007CE2FB /* Build configuration list for PBXProject "SuperVaca" */ = {
			isa = XCConfigurationList;
			buildConfigurations = (
				1D320DFE2F256CD7007CE2FB /* Debug */,
				1D320DFF2F256CD7007CE2FB /* Release */,
			);
			defaultConfigurationIsVisible = 0;
			defaultConfigurationName = Release;
		};
		1D320E002F256CD7007CE2FB /* Build configuration list for PBXNativeTarget "SuperVaca" */ = {
			isa = XCConfigurationList;
			buildConfigurations = (
				1D320E012F256CD7007CE2FB /* Debug */,
				1D320E022F256CD7007CE2FB /* Release */,
			);
			defaultConfigurationIsVisible = 0;
			defaultConfigurationName = Release;
		};
		1D320E032F256CD7007CE2FB /* Build configuration list for PBXNativeTarget "SuperVacaTests" */ = {
			isa = XCConfigurationList;
			buildConfigurations = (
				1D320E042F256CD7007CE2FB /* Debug */,
				1D320E052F256CD7007CE2FB /* Release */,
			);
			defaultConfigurationIsVisible = 0;
			defaultConfigurationName = Release;
		};
		1D320E062F256CD7007CE2FB /* Build configuration list for PBXNativeTarget "SuperVacaUITests" */ = {
			isa = XCConfigurationList;
			buildConfigurations = (
				1D320E072F256CD7007CE2FB /* Debug */,
				1D320E082F256CD7007CE2FB /* Release */,
			);
			defaultConfigurationIsVisible = 0;
			defaultConfigurationName = Release;
		};
/* End XCConfigurationList section */

/* Begin XCRemoteSwiftPackageReference section */
		1D320E0B2F256F20007CE2FB /* XCRemoteSwiftPackageReference "firebase-ios-sdk" */ = {
			isa = XCRemoteSwiftPackageReference;
			repositoryURL = "https://github.com/firebase/firebase-ios-sdk";
			requirement = {
				kind = upToNextMajorVersion;
				minimumVersion = 12.8.0;
			};
		};
		1D320E452F2571F2007CE2FB /* XCRemoteSwiftPackageReference "GoogleSignIn-iOS" */ = {
			isa = XCRemoteSwiftPackageReference;
			repositoryURL = "https://github.com/google/GoogleSignIn-iOS";
			requirement = {
				kind = upToNextMajorVersion;
				minimumVersion = 9.1.0;
			};
		};
		1D320E812F26BBE5007CE2FB /* XCRemoteSwiftPackageReference "iPhoneNumberField" */ = {
			isa = XCRemoteSwiftPackageReference;
			repositoryURL = "https://github.com/MojtabaHs/iPhoneNumberField.git";
			requirement = {
				kind = upToNextMajorVersion;
				minimumVersion = 0.10.4;
			};
		};
		1D320EDF2F29DE3B007CE2FB /* XCRemoteSwiftPackageReference "stripe-ios" */ = {
			isa = XCRemoteSwiftPackageReference;
			repositoryURL = "https://github.com/stripe/stripe-ios";
			requirement = {
				kind = upToNextMajorVersion;
				minimumVersion = 25.6.0;
			};
		};
/* End XCRemoteSwiftPackageReference section */

/* Begin XCSwiftPackageProductDependency section */
		1D320E0C2F256F20007CE2FB /* FirebaseAI */ = {
			isa = XCSwiftPackageProductDependency;
			package = 1D320E0B2F256F20007CE2FB /* XCRemoteSwiftPackageReference "firebase-ios-sdk" */;
			productName = FirebaseAI;
		};
		1D320E0E2F256F20007CE2FB /* FirebaseAILogic */ = {
			isa = XCSwiftPackageProductDependency;
			package = 1D320E0B2F256F20007CE2FB /* XCRemoteSwiftPackageReference "firebase-ios-sdk" */;
			productName = FirebaseAILogic;
		};
		1D320E102F256F20007CE2FB /* FirebaseAnalytics */ = {
			isa = XCSwiftPackageProductDependency;
			package = 1D320E0B2F256F20007CE2FB /* XCRemoteSwiftPackageReference "firebase-ios-sdk" */;
			productName = FirebaseAnalytics;
		};
		1D320E122F256F20007CE2FB /* FirebaseAnalyticsCore */ = {
			isa = XCSwiftPackageProductDependency;
			package = 1D320E0B2F256F20007CE2FB /* XCRemoteSwiftPackageReference "firebase-ios-sdk" */;
			productName = FirebaseAnalyticsCore;
		};
		1D320E142F256F20007CE2FB /* FirebaseAnalyticsIdentitySupport */ = {
			isa = XCSwiftPackageProductDependency;
			package = 1D320E0B2F256F20007CE2FB /* XCRemoteSwiftPackageReference "firebase-ios-sdk" */;
			productName = FirebaseAnalyticsIdentitySupport;
		};
		1D320E162F256F20007CE2FB /* FirebaseAppCheck */ = {
			isa = XCSwiftPackageProductDependency;
			package = 1D320E0B2F256F20007CE2FB /* XCRemoteSwiftPackageReference "firebase-ios-sdk" */;
			productName = FirebaseAppCheck;
		};
		1D320E182F256F20007CE2FB /* FirebaseAppDistribution-Beta */ = {
			isa = XCSwiftPackageProductDependency;
			package = 1D320E0B2F256F20007CE2FB /* XCRemoteSwiftPackageReference "firebase-ios-sdk" */;
			productName = "FirebaseAppDistribution-Beta";
		};
		1D320E1A2F256F20007CE2FB /* FirebaseAuth */ = {
			isa = XCSwiftPackageProductDependency;
			package = 1D320E0B2F256F20007CE2FB /* XCRemoteSwiftPackageReference "firebase-ios-sdk" */;
			productName = FirebaseAuth;
		};
		1D320E1C2F256F20007CE2FB /* FirebaseAuthCombine-Community */ = {
			isa = XCSwiftPackageProductDependency;
			package = 1D320E0B2F256F20007CE2FB /* XCRemoteSwiftPackageReference "firebase-ios-sdk" */;
			productName = "FirebaseAuthCombine-Community";
		};
		1D320E1E2F256F20007CE2FB /* FirebaseCore */ = {
			isa = XCSwiftPackageProductDependency;
			package = 1D320E0B2F256F20007CE2FB /* XCRemoteSwiftPackageReference "firebase-ios-sdk" */;
			productName = FirebaseCore;
		};
		1D320E202F256F20007CE2FB /* FirebaseCrashlytics */ = {
			isa = XCSwiftPackageProductDependency;
			package = 1D320E0B2F256F20007CE2FB /* XCRemoteSwiftPackageReference "firebase-ios-sdk" */;
			productName = FirebaseCrashlytics;
		};
		1D320E222F256F20007CE2FB /* FirebaseDatabase */ = {
			isa = XCSwiftPackageProductDependency;
			package = 1D320E0B2F256F20007CE2FB /* XCRemoteSwiftPackageReference "firebase-ios-sdk" */;
			productName = FirebaseDatabase;
		};
		1D320E242F256F20007CE2FB /* FirebaseFirestore */ = {
			isa = XCSwiftPackageProductDependency;
			package = 1D320E0B2F256F20007CE2FB /* XCRemoteSwiftPackageReference "firebase-ios-sdk" */;
			productName = FirebaseFirestore;
		};
		1D320E262F256F20007CE2FB /* FirebaseFirestoreCombine-Community */ = {
			isa = XCSwiftPackageProductDependency;
			package = 1D320E0B2F256F20007CE2FB /* XCRemoteSwiftPackageReference "firebase-ios-sdk" */;
			productName = "FirebaseFirestoreCombine-Community";
		};
		1D320E282F256F20007CE2FB /* FirebaseFunctions */ = {
			isa = XCSwiftPackageProductDependency;
			package = 1D320E0B2F256F20007CE2FB /* XCRemoteSwiftPackageReference "firebase-ios-sdk" */;
			productName = FirebaseFunctions;
		};
		1D320E2A2F256F20007CE2FB /* FirebaseFunctionsCombine-Community */ = {
			isa = XCSwiftPackageProductDependency;
			package = 1D320E0B2F256F20007CE2FB /* XCRemoteSwiftPackageReference "firebase-ios-sdk" */;
			productName = "FirebaseFunctionsCombine-Community";
		};
		1D320E2C2F256F20007CE2FB /* FirebaseInAppMessaging-Beta */ = {
			isa = XCSwiftPackageProductDependency;
			package = 1D320E0B2F256F20007CE2FB /* XCRemoteSwiftPackageReference "firebase-ios-sdk" */;
			productName = "FirebaseInAppMessaging-Beta";
		};
		1D320E2E2F256F20007CE2FB /* FirebaseInstallations */ = {
			isa = XCSwiftPackageProductDependency;
			package = 1D320E0B2F256F20007CE2FB /* XCRemoteSwiftPackageReference "firebase-ios-sdk" */;
			productName = FirebaseInstallations;
		};
		1D320E302F256F20007CE2FB /* FirebaseMLModelDownloader */ = {
			isa = XCSwiftPackageProductDependency;
			package = 1D320E0B2F256F20007CE2FB /* XCRemoteSwiftPackageReference "firebase-ios-sdk" */;
			productName = FirebaseMLModelDownloader;
		};
		1D320E322F256F20007CE2FB /* FirebaseMessaging */ = {
			isa = XCSwiftPackageProductDependency;
			package = 1D320E0B2F256F20007CE2FB /* XCRemoteSwiftPackageReference "firebase-ios-sdk" */;
			productName = FirebaseMessaging;
		};
		1D320E342F256F20007CE2FB /* FirebasePerformance */ = {
			isa = XCSwiftPackageProductDependency;
			package = 1D320E0B2F256F20007CE2FB /* XCRemoteSwiftPackageReference "firebase-ios-sdk" */;
			productName = FirebasePerformance;
		};
		1D320E362F256F20007CE2FB /* FirebaseRemoteConfig */ = {
			isa = XCSwiftPackageProductDependency;
			package = 1D320E0B2F256F20007CE2FB /* XCRemoteSwiftPackageReference "firebase-ios-sdk" */;
			productName = FirebaseRemoteConfig;
		};
		1D320E382F256F20007CE2FB /* FirebaseStorage */ = {
			isa = XCSwiftPackageProductDependency;
			package = 1D320E0B2F256F20007CE2FB /* XCRemoteSwiftPackageReference "firebase-ios-sdk" */;
			productName = FirebaseStorage;
		};
		1D320E3A2F256F20007CE2FB /* FirebaseStorageCombine-Community */ = {
			isa = XCSwiftPackageProductDependency;
			package = 1D320E0B2F256F20007CE2FB /* XCRemoteSwiftPackageReference "firebase-ios-sdk" */;
			productName = "FirebaseStorageCombine-Community";
		};
		1D320E462F2571F2007CE2FB /* GoogleSignIn */ = {
			isa = XCSwiftPackageProductDependency;
			package = 1D320E452F2571F2007CE2FB /* XCRemoteSwiftPackageReference "GoogleSignIn-iOS" */;
			productName = GoogleSignIn;
		};
		1D320E482F2571F2007CE2FB /* GoogleSignInSwift */ = {
			isa = XCSwiftPackageProductDependency;
			package = 1D320E452F2571F2007CE2FB /* XCRemoteSwiftPackageReference "GoogleSignIn-iOS" */;
			productName = GoogleSignInSwift;
		};
		1D320E822F26BBE5007CE2FB /* iPhoneNumberField */ = {
			isa = XCSwiftPackageProductDependency;
			package = 1D320E812F26BBE5007CE2FB /* XCRemoteSwiftPackageReference "iPhoneNumberField" */;
			productName = iPhoneNumberField;
		};
		1D320EE02F29DE3B007CE2FB /* Stripe */ = {
			isa = XCSwiftPackageProductDependency;
			package = 1D320EDF2F29DE3B007CE2FB /* XCRemoteSwiftPackageReference "stripe-ios" */;
			productName = Stripe;
		};
		1D320EE22F29DE3B007CE2FB /* StripeApplePay */ = {
			isa = XCSwiftPackageProductDependency;
			package = 1D320EDF2F29DE3B007CE2FB /* XCRemoteSwiftPackageReference "stripe-ios" */;
			productName = StripeApplePay;
		};
		1D320EE42F29DE3B007CE2FB /* StripeCardScan */ = {
			isa = XCSwiftPackageProductDependency;
			package = 1D320EDF2F29DE3B007CE2FB /* XCRemoteSwiftPackageReference "stripe-ios" */;
			productName = StripeCardScan;
		};
		1D320EE62F29DE3B007CE2FB /* StripeConnect */ = {
			isa = XCSwiftPackageProductDependency;
			package = 1D320EDF2F29DE3B007CE2FB /* XCRemoteSwiftPackageReference "stripe-ios" */;
			productName = StripeConnect;
		};
		1D320EE82F29DE3B007CE2FB /* StripeFinancialConnections */ = {
			isa = XCSwiftPackageProductDependency;
			package = 1D320EDF2F29DE3B007CE2FB /* XCRemoteSwiftPackageReference "stripe-ios" */;
			productName = StripeFinancialConnections;
		};
		1D320EEA2F29DE3B007CE2FB /* StripeIdentity */ = {
			isa = XCSwiftPackageProductDependency;
			package = 1D320EDF2F29DE3B007CE2FB /* XCRemoteSwiftPackageReference "stripe-ios" */;
			productName = StripeIdentity;
		};
		1D320EEC2F29DE3B007CE2FB /* StripeIssuing */ = {
			isa = XCSwiftPackageProductDependency;
			package = 1D320EDF2F29DE3B007CE2FB /* XCRemoteSwiftPackageReference "stripe-ios" */;
			productName = StripeIssuing;
		};
		1D320EEE2F29DE3B007CE2FB /* StripePaymentSheet */ = {
			isa = XCSwiftPackageProductDependency;
			package = 1D320EDF2F29DE3B007CE2FB /* XCRemoteSwiftPackageReference "stripe-ios" */;
			productName = StripePaymentSheet;
		};
		1D320EF02F29DE3B007CE2FB /* StripePayments */ = {
			isa = XCSwiftPackageProductDependency;
			package = 1D320EDF2F29DE3B007CE2FB /* XCRemoteSwiftPackageReference "stripe-ios" */;
			productName = StripePayments;
		};
		1D320EF22F29DE3B007CE2FB /* StripePaymentsUI */ = {
			isa = XCSwiftPackageProductDependency;
			package = 1D320EDF2F29DE3B007CE2FB /* XCRemoteSwiftPackageReference "stripe-ios" */;
			productName = StripePaymentsUI;
		};
/* End XCSwiftPackageProductDependency section */
	};
	rootObject = 1D320DD72F256CD5007CE2FB /* Project object */;
}
